
Microsoft Visual Studio Solution File, Format Version 12.00
# Visual Studio Version 16
VisualStudioVersion = 16.0.31005.135
MinimumVisualStudioVersion = 10.0.40219.1
Project("{FAE04EC0-301F-11D3-BF4B-00C04F79EFBC}") = "BlazorApp1", "BlazorApp1.csproj", "{451D1567-FE36-4F6E-8C00-4513A93E7DD7}"
EndProject
Global
	GlobalSection(SolutionConfigurationPlatforms) = preSolution
		Debug|Any CPU = Debug|Any CPU
		Release|Any CPU = Release|Any CPU
	EndGlobalSection
	GlobalSection(ProjectConfigurationPlatforms) = postSolution
		{451D1567-FE36-4F6E-8C00-4513A93E7DD7}.Debug|Any CPU.ActiveCfg = Debug|Any CPU
		{451D1567-FE36-4F6E-8C00-4513A93E7DD7}.Debug|Any CPU.Build.0 = Debug|Any CPU
		{451D1567-FE36-4F6E-8C00-4513A93E7DD7}.Release|Any CPU.ActiveCfg = Release|Any CPU
		{451D1567-FE36-4F6E-8C00-4513A93E7DD7}.Release|Any CPU.Build.0 = Release|Any CPU
	EndGlobalSection
	GlobalSection(SolutionProperties) = preSolution
		HideSolutionNode = FALSE
	EndGlobalSection
	GlobalSection(ExtensibilityGlobals) = postSolution
		SolutionGuid = {984062AE-086F-4209-8FC6-A48BB73A3796}
	EndGlobalSection
EndGlobal
